// !$*UTF8*$!
{
	archiveVersion = 1;
	classes = {
	};
	objectVersion = 55;
	objects = {

/* Begin PBXBuildFile section */
		B901F0E7275116E300BD45A0 /* MainPageView.swift in Sources */ = {isa = PBXBuildFile; fileRef = B901F0E6275116E300BD45A0 /* MainPageView.swift */; };
		B901F0E92751231F00BD45A0 /* MOSList.swift in Sources */ = {isa = PBXBuildFile; fileRef = B901F0E82751231F00BD45A0 /* MOSList.swift */; };
		B92428602750994E00DC8100 /* fooddemo2App.swift in Sources */ = {isa = PBXBuildFile; fileRef = B924285F2750994E00DC8100 /* fooddemo2App.swift */; };
		B92428642750995200DC8100 /* Assets.xcassets in Resources */ = {isa = PBXBuildFile; fileRef = B92428632750995200DC8100 /* Assets.xcassets */; };
		B92428672750995200DC8100 /* Preview Assets.xcassets in Resources */ = {isa = PBXBuildFile; fileRef = B92428662750995200DC8100 /* Preview Assets.xcassets */; };
		B96F047C27550A3B0046A2B9 /* BurgerKingList.swift in Sources */ = {isa = PBXBuildFile; fileRef = B96F047B27550A3B0046A2B9 /* BurgerKingList.swift */; };
		B9966F0D275925620017881B /* ChooseIcon.swift in Sources */ = {isa = PBXBuildFile; fileRef = B9966F0C275925620017881B /* ChooseIcon.swift */; };
		B9CE1BE727592A3200466A92 /* Icon@2x.png in Resources */ = {isa = PBXBuildFile; fileRef = B9CE1BE527592A3200466A92 /* Icon@2x.png */; };
		B9CE1BE827592A3200466A92 /* Icon@3x.png in Resources */ = {isa = PBXBuildFile; fileRef = B9CE1BE627592A3200466A92 /* Icon@3x.png */; };
		B9F7F27927509ABC00BE6CFE /* LogoList.swift in Sources */ = {isa = PBXBuildFile; fileRef = B9F7F27827509ABC00BE6CFE /* LogoList.swift */; };
		B9F7F27B27509B5500BE6CFE /* McDonaldList.swift in Sources */ = {isa = PBXBuildFile; fileRef = B9F7F27A27509B5500BE6CFE /* McDonaldList.swift */; };
		B9F7F27D2750DF2800BE6CFE /* KFCList.swift in Sources */ = {isa = PBXBuildFile; fileRef = B9F7F27C2750DF2800BE6CFE /* KFCList.swift */; };
/* End PBXBuildFile section */

/* Begin PBXFileReference section */
		B901F0E6275116E300BD45A0 /* MainPageView.swift */ = {isa = PBXFileReference; lastKnownFileType = sourcecode.swift; path = MainPageView.swift; sourceTree = "<group>"; };
		B901F0E82751231F00BD45A0 /* MOSList.swift */ = {isa = PBXFileReference; lastKnownFileType = sourcecode.swift; path = MOSList.swift; sourceTree = "<group>"; };
		B924285C2750994E00DC8100 /* fooddemo2.app */ = {isa = PBXFileReference; explicitFileType = wrapper.application; includeInIndex = 0; path = fooddemo2.app; sourceTree = BUILT_PRODUCTS_DIR; };
		B924285F2750994E00DC8100 /* fooddemo2App.swift */ = {isa = PBXFileReference; lastKnownFileType = sourcecode.swift; path = fooddemo2App.swift; sourceTree = "<group>"; };
		B92428632750995200DC8100 /* Assets.xcassets */ = {isa = PBXFileReference; lastKnownFileType = folder.assetcatalog; path = Assets.xcassets; sourceTree = "<group>"; };
		B92428662750995200DC8100 /* Preview Assets.xcassets */ = {isa = PBXFileReference; lastKnownFileType = folder.assetcatalog; path = "Preview Assets.xcassets"; sourceTree = "<group>"; };
		B96F047B27550A3B0046A2B9 /* BurgerKingList.swift */ = {isa = PBXFileReference; lastKnownFileType = sourcecode.swift; path = BurgerKingList.swift; sourceTree = "<group>"; };
		B9966F0C275925620017881B /* ChooseIcon.swift */ = {isa = PBXFileReference; lastKnownFileType = sourcecode.swift; path = ChooseIcon.swift; sourceTree = "<group>"; };
		B9CE1BE527592A3200466A92 /* Icon@2x.png */ = {isa = PBXFileReference; lastKnownFileType = image.png; path = "Icon@2x.png"; sourceTree = "<group>"; };
		B9CE1BE627592A3200466A92 /* Icon@3x.png */ = {isa = PBXFileReference; lastKnownFileType = image.png; path = "Icon@3x.png"; sourceTree = "<group>"; };
		B9F7F27827509ABC00BE6CFE /* LogoList.swift */ = {isa = PBXFileReference; lastKnownFileType = sourcecode.swift; path = LogoList.swift; sourceTree = "<group>"; };
		B9F7F27A27509B5500BE6CFE /* McDonaldList.swift */ = {isa = PBXFileReference; lastKnownFileType = sourcecode.swift; path = McDonaldList.swift; sourceTree = "<group>"; };
		B9F7F27C2750DF2800BE6CFE /* KFCList.swift */ = {isa = PBXFileReference; lastKnownFileType = sourcecode.swift; path = KFCList.swift; sourceTree = "<group>"; };
/* End PBXFileReference section */

/* Begin PBXFrameworksBuildPhase section */
		B92428592750994E00DC8100 /* Frameworks */ = {
			isa = PBXFrameworksBuildPhase;
			buildActionMask = 2147483647;
			files = (
			);
			runOnlyForDeploymentPostprocessing = 0;
		};
/* End PBXFrameworksBuildPhase section */

/* Begin PBXGroup section */
		B92428532750994E00DC8100 = {
			isa = PBXGroup;
			children = (
				B924285E2750994E00DC8100 /* fooddemo2 */,
				B924285D2750994E00DC8100 /* Products */,
			);
			sourceTree = "<group>";
		};
		B924285D2750994E00DC8100 /* Products */ = {
			isa = PBXGroup;
			children = (
				B924285C2750994E00DC8100 /* fooddemo2.app */,
			);
			name = Products;
			sourceTree = "<group>";
		};
		B924285E2750994E00DC8100 /* fooddemo2 */ = {
			isa = PBXGroup;
			children = (
				B9CE1BE527592A3200466A92 /* Icon@2x.png */,
				B9CE1BE627592A3200466A92 /* Icon@3x.png */,
				B924285F2750994E00DC8100 /* fooddemo2App.swift */,
				B901F0E6275116E300BD45A0 /* MainPageView.swift */,
				B9966F0C275925620017881B /* ChooseIcon.swift */,
				B9F7F27827509ABC00BE6CFE /* LogoList.swift */,
				B9F7F27A27509B5500BE6CFE /* McDonaldList.swift */,
				B9F7F27C2750DF2800BE6CFE /* KFCList.swift */,
				B901F0E82751231F00BD45A0 /* MOSList.swift */,
				B96F047B27550A3B0046A2B9 /* BurgerKingList.swift */,
				B92428632750995200DC8100 /* Assets.xcassets */,
				B92428652750995200DC8100 /* Preview Content */,
			);
			path = fooddemo2;
			sourceTree = "<group>";
		};
		B92428652750995200DC8100 /* Preview Content */ = {
			isa = PBXGroup;
			children = (
				B92428662750995200DC8100 /* Preview Assets.xcassets */,
			);
			path = "Preview Content";
			sourceTree = "<group>";
		};
/* End PBXGroup section */

/* Begin PBXNativeTarget section */
		B924285B2750994E00DC8100 /* fooddemo2 */ = {
			isa = PBXNativeTarget;
			buildConfigurationList = B924286A2750995200DC8100 /* Build configuration list for PBXNativeTarget "fooddemo2" */;
			buildPhases = (
				B92428582750994E00DC8100 /* Sources */,
				B92428592750994E00DC8100 /* Frameworks */,
				B924285A2750994E00DC8100 /* Resources */,
			);
			buildRules = (
			);
			dependencies = (
			);
			name = fooddemo2;
			productName = fooddemo2;
			productReference = B924285C2750994E00DC8100 /* fooddemo2.app */;
			productType = "com.apple.product-type.application";
		};
/* End PBXNativeTarget section */

/* Begin PBXProject section */
		B92428542750994E00DC8100 /* Project object */ = {
			isa = PBXProject;
			attributes = {
				BuildIndependentTargetsInParallel = 1;
				LastSwiftUpdateCheck = 1300;
				LastUpgradeCheck = 1300;
				TargetAttributes = {
					B924285B2750994E00DC8100 = {
						CreatedOnToolsVersion = 13.0;
					};
				};
			};
			buildConfigurationList = B92428572750994E00DC8100 /* Build configuration list for PBXProject "fooddemo2" */;
			compatibilityVersion = "Xcode 13.0";
			developmentRegion = en;
			hasScannedForEncodings = 0;
			knownRegions = (
				en,
				Base,
			);
			mainGroup = B92428532750994E00DC8100;
			productRefGroup = B924285D2750994E00DC8100 /* Products */;
			projectDirPath = "";
			projectRoot = "";
			targets = (
				B924285B2750994E00DC8100 /* fooddemo2 */,
			);
		};
/* End PBXProject section */

/* Begin PBXResourcesBuildPhase section */
		B924285A2750994E00DC8100 /* Resources */ = {
			isa = PBXResourcesBuildPhase;
			buildActionMask = 2147483647;
			files = (
				B92428672750995200DC8100 /* Preview Assets.xcassets in Resources */,
				B9CE1BE727592A3200466A92 /* Icon@2x.png in Resources */,
				B9CE1BE827592A3200466A92 /* Icon@3x.png in Resources */,
				B92428642750995200DC8100 /* Assets.xcassets in Resources */,
			);
			runOnlyForDeploymentPostprocessing = 0;
		};
/* End PBXResourcesBuildPhase section */

/* Begin PBXSourcesBuildPhase section */
		B92428582750994E00DC8100 /* Sources */ = {
			isa = PBXSourcesBuildPhase;
			buildActionMask = 2147483647;
			files = (
				B92428602750994E00DC8100 /* fooddemo2App.swift in Sources */,
				B9F7F27927509ABC00BE6CFE /* LogoList.swift in Sources */,
				B96F047C27550A3B0046A2B9 /* BurgerKingList.swift in Sources */,
				B901F0E7275116E300BD45A0 /* MainPageView.swift in Sources */,
				B9F7F27D2750DF2800BE6CFE /* KFCList.swift in Sources */,
				B9966F0D275925620017881B /* ChooseIcon.swift in Sources */,
				B9F7F27B27509B5500BE6CFE /* McDonaldList.swift in Sources */,
				B901F0E92751231F00BD45A0 /* MOSList.swift in Sources */,
			);
			runOnlyForDeploymentPostprocessing = 0;
		};
/* End PBXSourcesBuildPhase section */

/* Begin XCBuildConfiguration section */
		B92428682750995200DC8100 /* Debug */ = {
			isa = XCBuildConfiguration;
			buildSettings = {
				ALWAYS_SEARCH_USER_PATHS = NO;
				CLANG_ANALYZER_NONNULL = YES;
				CLANG_ANALYZER_NUMBER_OBJECT_CONVERSION = YES_AGGRESSIVE;
				CLANG_CXX_LANGUAGE_STANDARD = "gnu++17";
				CLANG_CXX_LIBRARY = "libc++";
				CLANG_ENABLE_MODULES = YES;
				CLANG_ENABLE_OBJC_ARC = YES;
				CLANG_ENABLE_OBJC_WEAK = YES;
				CLANG_WARN_BLOCK_CAPTURE_AUTORELEASING = YES;
				CLANG_WARN_BOOL_CONVERSION = YES;
				CLANG_WARN_COMMA = YES;
				CLANG_WARN_CONSTANT_CONVERSION = YES;
				CLANG_WARN_DEPRECATED_OBJC_IMPLEMENTATIONS = YES;
				CLANG_WARN_DIRECT_OBJC_ISA_USAGE = YES_ERROR;
				CLANG_WARN_DOCUMENTATION_COMMENTS = YES;
				CLANG_WARN_EMPTY_BODY = YES;
				CLANG_WARN_ENUM_CONVERSION = YES;
				CLANG_WARN_INFINITE_RECURSION = YES;
				CLANG_WARN_INT_CONVERSION = YES;
				CLANG_WARN_NON_LITERAL_NULL_CONVERSION = YES;
				CLANG_WARN_OBJC_IMPLICIT_RETAIN_SELF = YES;
				CLANG_WARN_OBJC_LITERAL_CONVERSION = YES;
				CLANG_WARN_OBJC_ROOT_CLASS = YES_ERROR;
				CLANG_WARN_QUOTED_INCLUDE_IN_FRAMEWORK_HEADER = YES;
				CLANG_WARN_RANGE_LOOP_ANALYSIS = YES;
				CLANG_WARN_STRICT_PROTOTYPES = YES;
				CLANG_WARN_SUSPICIOUS_MOVE = YES;
				CLANG_WARN_UNGUARDED_AVAILABILITY = YES_AGGRESSIVE;
				CLANG_WARN_UNREACHABLE_CODE = YES;
				CLANG_WARN__DUPLICATE_METHOD_MATCH = YES;
				COPY_PHASE_STRIP = NO;
				DEBUG_INFORMATION_FORMAT = dwarf;
				ENABLE_STRICT_OBJC_MSGSEND = YES;
				ENABLE_TESTABILITY = YES;
				GCC_C_LANGUAGE_STANDARD = gnu11;
				GCC_DYNAMIC_NO_PIC = NO;
				GCC_NO_COMMON_BLOCKS = YES;
				GCC_OPTIMIZATION_LEVEL = 0;
				GCC_PREPROCESSOR_DEFINITIONS = (
					"DEBUG=1",
					"$(inherited)",
				);
				GCC_WARN_64_TO_32_BIT_CONVERSION = YES;
				GCC_WARN_ABOUT_RETURN_TYPE = YES_ERROR;
				GCC_WARN_UNDECLARED_SELECTOR = YES;
				GCC_WARN_UNINITIALIZED_AUTOS = YES_AGGRESSIVE;
				GCC_WARN_UNUSED_FUNCTION = YES;
				GCC_WARN_UNUSED_VARIABLE = YES;
				IPHONEOS_DEPLOYMENT_TARGET = 15.0;
				MTL_ENABLE_DEBUG_INFO = INCLUDE_SOURCE;
				MTL_FAST_MATH = YES;
				ONLY_ACTIVE_ARCH = YES;
				SDKROOT = iphoneos;
				SWIFT_ACTIVE_COMPILATION_CONDITIONS = DEBUG;
				SWIFT_OPTIMIZATION_LEVEL = "-Onone";
			};
			name = Debug;
		};
		B92428692750995200DC8100 /* Release */ = {
			isa = XCBuildConfiguration;
			buildSettings = {
				ALWAYS_SEARCH_USER_PATHS = NO;
				CLANG_ANALYZER_NONNULL = YES;
				CLANG_ANALYZER_NUMBER_OBJECT_CONVERSION = YES_AGGRESSIVE;
				CLANG_CXX_LANGUAGE_STANDARD = "gnu++17";
				CLANG_CXX_LIBRARY = "libc++";
				CLANG_ENABLE_MODULES = YES;
				CLANG_ENABLE_OBJC_ARC = YES;
				CLANG_ENABLE_OBJC_WEAK = YES;
				CLANG_WARN_BLOCK_CAPTURE_AUTORELEASING = YES;
				CLANG_WARN_BOOL_CONVERSION = YES;
				CLANG_WARN_COMMA = YES;
				CLANG_WARN_CONSTANT_CONVERSION = YES;
				CLANG_WARN_DEPRECATED_OBJC_IMPLEMENTATIONS = YES;
				CLANG_WARN_DIRECT_OBJC_ISA_USAGE = YES_ERROR;
				CLANG_WARN_DOCUMENTATION_COMMENTS = YES;
				CLANG_WARN_EMPTY_BODY = YES;
				CLANG_WARN_ENUM_CONVERSION = YES;
				CLANG_WARN_INFINITE_RECURSION = YES;
				CLANG_WARN_INT_CONVERSION = YES;
				CLANG_WARN_NON_LITERAL_NULL_CONVERSION = YES;
				CLANG_WARN_OBJC_IMPLICIT_RETAIN_SELF = YES;
				CLANG_WARN_OBJC_LITERAL_CONVERSION = YES;
				CLANG_WARN_OBJC_ROOT_CLASS = YES_ERROR;
				CLANG_WARN_QUOTED_INCLUDE_IN_FRAMEWORK_HEADER = YES;
				CLANG_WARN_RANGE_LOOP_ANALYSIS = YES;
				CLANG_WARN_STRICT_PROTOTYPES = YES;
				CLANG_WARN_SUSPICIOUS_MOVE = YES;
				CLANG_WARN_UNGUARDED_AVAILABILITY = YES_AGGRESSIVE;
				CLANG_WARN_UNREACHABLE_CODE = YES;
				CLANG_WARN__DUPLICATE_METHOD_MATCH = YES;
				COPY_PHASE_STRIP = NO;
				DEBUG_INFORMATION_FORMAT = "dwarf-with-dsym";
				ENABLE_NS_ASSERTIONS = NO;
				ENABLE_STRICT_OBJC_MSGSEND = YES;
				GCC_C_LANGUAGE_STANDARD = gnu11;
				GCC_NO_COMMON_BLOCKS = YES;
				GCC_WARN_64_TO_32_BIT_CONVERSION = YES;
				GCC_WARN_ABOUT_RETURN_TYPE = YES_ERROR;
				GCC_WARN_UNDECLARED_SELECTOR = YES;
				GCC_WARN_UNINITIALIZED_AUTOS = YES_AGGRESSIVE;
				GCC_WARN_UNUSED_FUNCTION = YES;
				GCC_WARN_UNUSED_VARIABLE = YES;
				IPHONEOS_DEPLOYMENT_TARGET = 15.0;
				MTL_ENABLE_DEBUG_INFO = NO;
				MTL_FAST_MATH = YES;
				SDKROOT = iphoneos;
				SWIFT_COMPILATION_MODE = wholemodule;
				SWIFT_OPTIMIZATION_LEVEL = "-O";
				VALIDATE_PRODUCT = YES;
			};
			name = Release;
		};
		B924286B2750995200DC8100 /* Debug */ = {
			isa = XCBuildConfiguration;
			buildSettings = {
				ASSETCATALOG_COMPILER_APPICON_NAME = AppIcon;
				ASSETCATALOG_COMPILER_GLOBAL_ACCENT_COLOR_NAME = AccentColor;
				CODE_SIGN_STYLE = Automatic;
				CURRENT_PROJECT_VERSION = 1;
				DEVELOPMENT_ASSET_PATHS = "\"fooddemo2/Preview Content\"";
				ENABLE_PREVIEWS = YES;
				GENERATE_INFOPLIST_FILE = YES;
				INFOPLIST_FILE = fooddemo2/Info.plist;
				INFOPLIST_KEY_UIApplicationSceneManifest_Generation = YES;
				INFOPLIST_KEY_UIApplicationSupportsIndirectInputEvents = YES;
				INFOPLIST_KEY_UILaunchScreen_Generation = YES;
				INFOPLIST_KEY_UISupportedInterfaceOrientations_iPad = "UIInterfaceOrientationPortrait UIInterfaceOrientationPortraitUpsideDown UIInterfaceOrientationLandscapeLeft UIInterfaceOrientationLandscapeRight";
				INFOPLIST_KEY_UISupportedInterfaceOrientations_iPhone = "UIInterfaceOrientationPortrait UIInterfaceOrientationLandscapeLeft UIInterfaceOrientationLandscapeRight";
				IPHONEOS_DEPLOYMENT_TARGET = 14.0;
				LD_RUNPATH_SEARCH_PATHS = (
					"$(inherited)",
					"@executable_path/Frameworks",
				);
				MARKETING_VERSION = 1.0;
				PRODUCT_BUNDLE_IDENTIFIER = com.kenny.fooddemo2;
				PRODUCT_NAME = "$(TARGET_NAME)";
				SWIFT_EMIT_LOC_STRINGS = YES;
				SWIFT_VERSION = 5.0;
				TARGETED_DEVICE_FAMILY = "1,2";
			};
			name = Debug;
		};
		B924286C2750995200DC8100 /* Release */ = {
			isa = XCBuildConfiguration;
			buildSettings = {
				ASSETCATALOG_COMPILER_APPICON_NAME = AppIcon;
				ASSETCATALOG_COMPILER_GLOBAL_ACCENT_COLOR_NAME = AccentColor;
				CODE_SIGN_STYLE = Automatic;
				CURRENT_PROJECT_VERSION = 1;
				DEVELOPMENT_ASSET_PATHS = "\"fooddemo2/Preview Content\"";
				ENABLE_PREVIEWS = YES;
				GENERATE_INFOPLIST_FILE = YES;
				INFOPLIST_FILE = fooddemo2/Info.plist;
				INFOPLIST_KEY_UIApplicationSceneManifest_Generation = YES;
				INFOPLIST_KEY_UIApplicationSupportsIndirectInputEvents = YES;
				INFOPLIST_KEY_UILaunchScreen_Generation = YES;
				INFOPLIST_KEY_UISupportedInterfaceOrientations_iPad = "UIInterfaceOrientationPortrait UIInterfaceOrientationPortraitUpsideDown UIInterfaceOrientationLandscapeLeft UIInterfaceOrientationLandscapeRight";
				INFOPLIST_KEY_UISupportedInterfaceOrientations_iPhone = "UIInterfaceOrientationPortrait UIInterfaceOrientationLandscapeLeft UIInterfaceOrientationLandscapeRight";
				IPHONEOS_DEPLOYMENT_TARGET = 14.0;
				LD_RUNPATH_SEARCH_PATHS = (
					"$(inherited)",
					"@executable_path/Frameworks",
				);
				MARKETING_VERSION = 1.0;
				PRODUCT_BUNDLE_IDENTIFIER = com.kenny.fooddemo2;
				PRODUCT_NAME = "$(TARGET_NAME)";
				SWIFT_EMIT_LOC_STRINGS = YES;
				SWIFT_VERSION = 5.0;
				TARGETED_DEVICE_FAMILY = "1,2";
			};
			name = Release;
		};
/* End XCBuildConfiguration section */

/* Begin XCConfigurationList section */
		B92428572750994E00DC8100 /* Build configuration list for PBXProject "fooddemo2" */ = {
			isa = XCConfigurationList;
			buildConfigurations = (
				B92428682750995200DC8100 /* Debug */,
				B92428692750995200DC8100 /* Release */,
			);
			defaultConfigurationIsVisible = 0;
			defaultConfigurationName = Release;
		};
		B924286A2750995200DC8100 /* Build configuration list for PBXNativeTarget "fooddemo2" */ = {
			isa = XCConfigurationList;
			buildConfigurations = (
				B924286B2750995200DC8100 /* Debug */,
				B924286C2750995200DC8100 /* Release */,
			);
			defaultConfigurationIsVisible = 0;
			defaultConfigurationName = Release;
		};
/* End XCConfigurationList section */
	};
	rootObject = B92428542750994E00DC8100 /* Project object */;
}
